# This file is automatically @generated by Poetry 2.0.1 and should not be changed by hand.

[[package]]
name = "colorama"
version = "0.4.6"
description = "Cross-platform colored terminal text."
optional = false
python-versions = "!=3.0.*,!=3.1.*,!=3.2.*,!=3.3.*,!=3.4.*,!=3.5.*,!=3.6.*,>=2.7"
groups = ["dev"]
markers = "python_version >= \"3.8\" and sys_platform == \"win32\""
files = [
    {file = "colorama-0.4.6-py2.py3-none-any.whl", hash = "sha256:4f1d9991f5acc0ca119f9d443620b77f9d6b33703e51011c16baf57afb285fc6"},
    {file = "colorama-0.4.6.tar.gz", hash = "sha256:08695f5cb7ed6e0531a20572697297273c47b8cae5a63ffc6d6ed5c201be6e44"},
]

[[package]]
name = "exceptiongroup"
version = "1.2.2"
description = "Backport of PEP 654 (exception groups)"
optional = false
python-versions = ">=3.7"
groups = ["dev"]
markers = "python_version >= \"3.8\" and python_version < \"3.11\""
files = [
    {file = "exceptiongroup-1.2.2-py3-none-any.whl", hash = "sha256:3111b9d131c238bec2f8f516e123e14ba243563fb135d3fe885990585aa7795b"},
    {file = "exceptiongroup-1.2.2.tar.gz", hash = "sha256:47c2edf7c6738fafb49fd34290706d1a1a2f4d1c6df275526b62cbb4aa5393cc"},
]

[package.extras]
test = ["pytest (>=6)"]

[[package]]
name = "iniconfig"
version = "2.0.0"
description = "brain-dead simple config-ini parsing"
optional = false
python-versions = ">=3.7"
groups = ["dev"]
markers = "python_version >= \"3.8\""
files = [
    {file = "iniconfig-2.0.0-py3-none-any.whl", hash = "sha256:b6a85871a79d2e3b22d2d1b94ac2824226a63c6b741c88f7ae975f18b6778374"},
    {file = "iniconfig-2.0.0.tar.gz", hash = "sha256:2d91e135bf72d31a410b17c16da610a82cb55f6b0477d1a902134b24a455b8b3"},
]

[[package]]
name = "mock"
version = "5.1.0"
description = "Rolling backport of unittest.mock for all Pythons"
optional = false
python-versions = ">=3.6"
groups = ["dev"]
markers = "python_version >= \"3.8\""
files = [
    {file = "mock-5.1.0-py3-none-any.whl", hash = "sha256:18c694e5ae8a208cdb3d2c20a993ca1a7b0efa258c247a1e565150f477f83744"},
    {file = "mock-5.1.0.tar.gz", hash = "sha256:5e96aad5ccda4718e0a229ed94b2024df75cc2d55575ba5762d31f5767b8767d"},
]

[package.extras]
build = ["blurb", "twine", "wheel"]
docs = ["sphinx"]
test = ["pytest", "pytest-cov"]

[[package]]
name = "packaging"
version = "24.2"
description = "Core utilities for Python packages"
optional = false
python-versions = ">=3.8"
groups = ["dev"]
markers = "python_version >= \"3.8\""
files = [
    {file = "packaging-24.2-py3-none-any.whl", hash = "sha256:09abb1bccd265c01f4a3aa3f7a7db064b36514d2cba19a2f694fe6150451a759"},
    {file = "packaging-24.2.tar.gz", hash = "sha256:c228a6dc5e932d346bc5739379109d49e8853dd8223571c7c5b55260edc0b97f"},
]

[[package]]
name = "pluggy"
version = "1.5.0"
description = "plugin and hook calling mechanisms for python"
optional = false
python-versions = ">=3.8"
groups = ["dev"]
markers = "python_version >= \"3.8\""
files = [
    {file = "pluggy-1.5.0-py3-none-any.whl", hash = "sha256:44e1ad92c8ca002de6377e165f3e0f1be63266ab4d554740532335b9d75ea669"},
    {file = "pluggy-1.5.0.tar.gz", hash = "sha256:2cffa88e94fdc978c4c574f15f9e59b7f4201d439195c3715ca9e2486f1d0cf1"},
]

[package.extras]
dev = ["pre-commit", "tox"]
testing = ["pytest", "pytest-benchmark"]

[[package]]
name = "pytest"
version = "8.3.4"
description = "pytest: simple powerful testing with Python"
optional = false
python-versions = ">=3.8"
groups = ["dev"]
markers = "python_version >= \"3.8\""
files = [
    {file = "pytest-8.3.4-py3-none-any.whl", hash = "sha256:50e16d954148559c9a74109af1eaf0c945ba2d8f30f0a3d3335edde19788b6f6"},
    {file = "pytest-8.3.4.tar.gz", hash = "sha256:965370d062bce11e73868e0335abac31b4d3de0e82f4007408d242b4f8610761"},
]

[package.dependencies]
colorama = {version = "*", markers = "sys_platform == \"win32\""}
exceptiongroup = {version = ">=1.0.0rc8", markers = "python_version < \"3.11\""}
iniconfig = "*"
packaging = "*"
pluggy = ">=1.5,<2"
tomli = {version = ">=1", markers = "python_version < \"3.11\""}

[package.extras]
dev = ["argcomplete", "attrs (>=19.2)", "hypothesis (>=3.56)", "mock", "pygments (>=2.7.2)", "requests", "setuptools", "xmlschema"]

[[package]]
name = "python-magic"
version = "0.4.15"
description = "File type identification using libmagic"
optional = false
python-versions = "*"
groups = ["linux"]
markers = "sys_platform == \"linux\""
files = [
    {file = "python-magic-0.4.15.tar.gz", hash = "sha256:f3765c0f582d2dfc72c15f3b5a82aecfae9498bd29ca840d72f37d7bd38bfcd5"},
    {file = "python_magic-0.4.15-py2.py3-none-any.whl", hash = "sha256:f2674dcfad52ae6c49d4803fa027809540b130db1dec928cfbb9240316831375"},
]

[[package]]
name = "python-magic-bin"
version = "0.4.14"
description = "File type identification using libmagic binary package"
optional = false
python-versions = "*"
groups = ["windows"]
markers = "sys_platform == \"win32\""
files = [
    {file = "python_magic_bin-0.4.14-py2.py3-none-macosx_10_6_intel.whl", hash = "sha256:7b1743b3dbf16601d6eedf4e7c2c9a637901b0faaf24ad4df4d4527e7d8f66a4"},
    {file = "python_magic_bin-0.4.14-py2.py3-none-win32.whl", hash = "sha256:34a788c03adde7608028203e2dbb208f1f62225ad91518787ae26d603ae68892"},
    {file = "python_magic_bin-0.4.14-py2.py3-none-win_amd64.whl", hash = "sha256:90be6206ad31071a36065a2fc169c5afb5e0355cbe6030e87641c6c62edc2b69"},
]

[[package]]
name = "tomli"
version = "2.2.1"
description = "A lil' TOML parser"
optional = false
python-versions = ">=3.8"
groups = ["dev"]
markers = "python_version >= \"3.8\" and python_version < \"3.11\""
files = [
    {file = "tomli-2.2.1-cp311-cp311-macosx_10_9_x86_64.whl", hash = "sha256:678e4fa69e4575eb77d103de3df8a895e1591b48e740211bd1067378c69e8249"},
    {file = "tomli-2.2.1-cp311-cp311-macosx_11_0_arm64.whl", hash = "sha256:023aa114dd824ade0100497eb2318602af309e5a55595f76b626d6d9f3b7b0a6"},
    {file = "tomli-2.2.1-cp311-cp311-manylinux_2_17_aarch64.manylinux2014_aarch64.whl", hash = "sha256:ece47d672db52ac607a3d9599a9d48dcb2f2f735c6c2d1f34130085bb12b112a"},
    {file = "tomli-2.2.1-cp311-cp311-manylinux_2_17_x86_64.manylinux2014_x86_64.whl", hash = "sha256:6972ca9c9cc9f0acaa56a8ca1ff51e7af152a9f87fb64623e31d5c83700080ee"},
    {file = "tomli-2.2.1-cp311-cp311-manylinux_2_5_i686.manylinux1_i686.manylinux_2_17_i686.manylinux2014_i686.whl", hash = "sha256:c954d2250168d28797dd4e3ac5cf812a406cd5a92674ee4c8f123c889786aa8e"},
    {file = "tomli-2.2.1-cp311-cp311-musllinux_1_2_aarch64.whl", hash = "sha256:8dd28b3e155b80f4d54beb40a441d366adcfe740969820caf156c019fb5c7ec4"},
    {file = "tomli-2.2.1-cp311-cp311-musllinux_1_2_i686.whl", hash = "sha256:e59e304978767a54663af13c07b3d1af22ddee3bb2fb0618ca1593e4f593a106"},
    {file = "tomli-2.2.1-cp311-cp311-musllinux_1_2_x86_64.whl", hash = "sha256:33580bccab0338d00994d7f16f4c4ec25b776af3ffaac1ed74e0b3fc95e885a8"},
    {file = "tomli-2.2.1-cp311-cp311-win32.whl", hash = "sha256:465af0e0875402f1d226519c9904f37254b3045fc5084697cefb9bdde1ff99ff"},
    {file = "tomli-2.2.1-cp311-cp311-win_amd64.whl", hash = "sha256:2d0f2fdd22b02c6d81637a3c95f8cd77f995846af7414c5c4b8d0545afa1bc4b"},
    {file = "tomli-2.2.1-cp312-cp312-macosx_10_13_x86_64.whl", hash = "sha256:4a8f6e44de52d5e6c657c9fe83b562f5f4256d8ebbfe4ff922c495620a7f6cea"},
    {file = "tomli-2.2.1-cp312-cp312-macosx_11_0_arm64.whl", hash = "sha256:8d57ca8095a641b8237d5b079147646153d22552f1c637fd3ba7f4b0b29167a8"},
    {file = "tomli-2.2.1-cp312-cp312-manylinux_2_17_aarch64.manylinux2014_aarch64.whl", hash = "sha256:4e340144ad7ae1533cb897d406382b4b6fede8890a03738ff1683af800d54192"},
    {file = "tomli-2.2.1-cp312-cp312-manylinux_2_17_x86_64.manylinux2014_x86_64.whl", hash = "sha256:db2b95f9de79181805df90bedc5a5ab4c165e6ec3fe99f970d0e302f384ad222"},
    {file = "tomli-2.2.1-cp312-cp312-manylinux_2_5_i686.manylinux1_i686.manylinux_2_17_i686.manylinux2014_i686.whl", hash = "sha256:40741994320b232529c802f8bc86da4e1aa9f413db394617b9a256ae0f9a7f77"},
    {file = "tomli-2.2.1-cp312-cp312-musllinux_1_2_aarch64.whl", hash = "sha256:400e720fe168c0f8521520190686ef8ef033fb19fc493da09779e592861b78c6"},
    {file = "tomli-2.2.1-cp312-cp312-musllinux_1_2_i686.whl", hash = "sha256:02abe224de6ae62c19f090f68da4e27b10af2b93213d36cf44e6e1c5abd19fdd"},
    {file = "tomli-2.2.1-cp312-cp312-musllinux_1_2_x86_64.whl", hash = "sha256:b82ebccc8c8a36f2094e969560a1b836758481f3dc360ce9a3277c65f374285e"},
    {file = "tomli-2.2.1-cp312-cp312-win32.whl", hash = "sha256:889f80ef92701b9dbb224e49ec87c645ce5df3fa2cc548664eb8a25e03127a98"},
    {file = "tomli-2.2.1-cp312-cp312-win_amd64.whl", hash = "sha256:7fc04e92e1d624a4a63c76474610238576942d6b8950a2d7f908a340494e67e4"},
    {file = "tomli-2.2.1-cp313-cp313-macosx_10_13_x86_64.whl", hash = "sha256:f4039b9cbc3048b2416cc57ab3bda989a6fcf9b36cf8937f01a6e731b64f80d7"},
    {file = "tomli-2.2.1-cp313-cp313-macosx_11_0_arm64.whl", hash = "sha256:286f0ca2ffeeb5b9bd4fcc8d6c330534323ec51b2f52da063b11c502da16f30c"},
    {file = "tomli-2.2.1-cp313-cp313-manylinux_2_17_aarch64.manylinux2014_aarch64.whl", hash = "sha256:a92ef1a44547e894e2a17d24e7557a5e85a9e1d0048b0b5e7541f76c5032cb13"},
    {file = "tomli-2.2.1-cp313-cp313-manylinux_2_17_x86_64.manylinux2014_x86_64.whl", hash = "sha256:9316dc65bed1684c9a98ee68759ceaed29d229e985297003e494aa825ebb0281"},
    {file = "tomli-2.2.1-cp313-cp313-manylinux_2_5_i686.manylinux1_i686.manylinux_2_17_i686.manylinux2014_i686.whl", hash = "sha256:e85e99945e688e32d5a35c1ff38ed0b3f41f43fad8df0bdf79f72b2ba7bc5272"},
    {file = "tomli-2.2.1-cp313-cp313-musllinux_1_2_aarch64.whl", hash = "sha256:ac065718db92ca818f8d6141b5f66369833d4a80a9d74435a268c52bdfa73140"},
    {file = "tomli-2.2.1-cp313-cp313-musllinux_1_2_i686.whl", hash = "sha256:d920f33822747519673ee656a4b6ac33e382eca9d331c87770faa3eef562aeb2"},
    {file = "tomli-2.2.1-cp313-cp313-musllinux_1_2_x86_64.whl", hash = "sha256:a198f10c4d1b1375d7687bc25294306e551bf1abfa4eace6650070a5c1ae2744"},
    {file = "tomli-2.2.1-cp313-cp313-win32.whl", hash = "sha256:d3f5614314d758649ab2ab3a62d4f2004c825922f9e370b29416484086b264ec"},
    {file = "tomli-2.2.1-cp313-cp313-win_amd64.whl", hash = "sha256:a38aa0308e754b0e3c67e344754dff64999ff9b513e691d0e786265c93583c69"},
    {file = "tomli-2.2.1-py3-none-any.whl", hash = "sha256:cb55c73c5f4408779d0cf3eef9f762b9c9f147a77de7b258bef0a5628adc85cc"},
    {file = "tomli-2.2.1.tar.gz", hash = "sha256:cd45e1dc79c835ce60f7404ec8119f2eb06d38b1deba146f07ced3bbc44505ff"},
]

[[package]]
name = "unicorn"
version = "2.1.1"
description = "Unicorn CPU emulator engine"
optional = false
python-versions = "*"
groups = ["shellcode"]
files = [
    {file = "unicorn-2.1.1-py2.py3-none-macosx_11_0_arm64.whl", hash = "sha256:8839c02de1914acb9decb291f89eefb2944148460cf5f09a9a1cde920e32e509"},
    {file = "unicorn-2.1.1-py2.py3-none-macosx_12_7_x86_64.whl", hash = "sha256:a52470664a6fe76f735943de5c90865ef049e23522dd1751306fefe2384e5dba"},
    {file = "unicorn-2.1.1-py2.py3-none-manylinux1_i686.manylinux_2_17_i686.manylinux2014_i686.whl", hash = "sha256:13e7fb410a4258522dbc5482d24949f1a89d4f113bc7fd30d523cdad1e543c3f"},
    {file = "unicorn-2.1.1-py2.py3-none-manylinux1_i686.whl", hash = "sha256:8b890ad01ec49bae78b6419dbd11caae18c5398a26086c4b0800943efb15963c"},
    {file = "unicorn-2.1.1-py2.py3-none-manylinux1_x86_64.manylinux_2_17_x86_64.manylinux2014_x86_64.whl", hash = "sha256:b0f139adb1c9406f57d25cab96ad7a6d3cbb9119f5480ebecedd4f5d7cb024fb"},
    {file = "unicorn-2.1.1-py2.py3-none-manylinux1_x86_64.musllinux_1_2_x86_64.whl", hash = "sha256:d4a08dbf222c5481bc909a9aa404b79874f6e67f5ba7c47036d03c68ab7371a7"},
    {file = "unicorn-2.1.1-py2.py3-none-manylinux1_x86_64.whl", hash = "sha256:2163d6b2803fbb2f4df79e845ecccc2803c712c200cf8910548d60fd0cbbb18e"},
    {file = "unicorn-2.1.1-py2.py3-none-manylinux2014_aarch64.whl", hash = "sha256:06df71752e147107680df7f841360a70cc1ae1f69438dbdc3a87e642fd21eb49"},
    {file = "unicorn-2.1.1-py2.py3-none-win32.whl", hash = "sha256:8e995ed3abd508258e8864ec1b002c3e4992ae5dc98c6ac2420935b7c04a0c6b"},
    {file = "unicorn-2.1.1-py2.py3-none-win_amd64.whl", hash = "sha256:f0ebcfaba67ef0ebcd05ee3560268f1c6f683bdd08ff496888741a163d29735d"},
    {file = "unicorn-2.1.1.tar.gz", hash = "sha256:904f4146b09cd708fdf6b90ebb48d30eaa0ba339382964d4d08c0b9399cf4ba3"},
]

[[package]]
name = "yara-python"
version = "4.5.1"
description = "Python interface for YARA"
optional = false
python-versions = "*"
groups = ["shellcode"]
files = [
    {file = "yara_python-4.5.1-cp310-cp310-macosx_10_9_universal2.whl", hash = "sha256:7c92219bf91caea277bc2736df70dda3709834c297a4a5906f1d9a46cd03579a"},
    {file = "yara_python-4.5.1-cp310-cp310-macosx_10_9_x86_64.whl", hash = "sha256:6e8e9eb5a49a70a013bf45e0ec97210b7cb124813271fddc666c3cfb1308a2d5"},
    {file = "yara_python-4.5.1-cp310-cp310-manylinux_2_17_aarch64.manylinux2014_aarch64.whl", hash = "sha256:ffb48e853f107f2e6e0e29a97ce1185e9cc7a15a6c860dc65eb8ec431d1b6d3e"},
    {file = "yara_python-4.5.1-cp310-cp310-manylinux_2_17_i686.manylinux2014_i686.whl", hash = "sha256:2c6a4e181de457a5de74982b82ab01c89a06bcd66820ca1671f22e984be1be78"},
    {file = "yara_python-4.5.1-cp310-cp310-manylinux_2_17_x86_64.manylinux2014_x86_64.whl", hash = "sha256:155ef1a9ca2aeeb57441fa99b6d8bd2cb67787f0d62b3c1670512e36c97ec02f"},
    {file = "yara_python-4.5.1-cp310-cp310-musllinux_1_1_aarch64.whl", hash = "sha256:264fdc2953c635131112a2cef6208b52d35731a6cc902cc62fe82508d9051afd"},
    {file = "yara_python-4.5.1-cp310-cp310-musllinux_1_1_i686.whl", hash = "sha256:a1a3e6b610e7131353cfea80ba119db3e96f7ad7befcd9d5a51df8786c806403"},
    {file = "yara_python-4.5.1-cp310-cp310-musllinux_1_1_x86_64.whl", hash = "sha256:aec3dda6b173c4be4d972058ee41fb019c866b82861f12a1ac2b01035cea34b9"},
    {file = "yara_python-4.5.1-cp310-cp310-win32.whl", hash = "sha256:8c3935da45ce283e02a86c9120240524e352add64c5cbccd616885937801ac67"},
    {file = "yara_python-4.5.1-cp310-cp310-win_amd64.whl", hash = "sha256:59fd46cc8c5a77e5e4942c7e403ac738f5c64154dcbc67bd8c9af453d7bb2539"},
    {file = "yara_python-4.5.1-cp311-cp311-macosx_10_9_universal2.whl", hash = "sha256:3044359876921e26370f7b646d84a65681811df577be7d4d09c7de21b33d9130"},
    {file = "yara_python-4.5.1-cp311-cp311-macosx_10_9_x86_64.whl", hash = "sha256:49ad70b6b65ed1c591c3bfb3d5d6da0fc6a73b1f979604feead450f348ad67c4"},
    {file = "yara_python-4.5.1-cp311-cp311-manylinux_2_17_aarch64.manylinux2014_aarch64.whl", hash = "sha256:5a6a185d2ec8fbbffa89d0f7949b84f76860d0e3a74192825dbf53d6a5069b83"},
    {file = "yara_python-4.5.1-cp311-cp311-manylinux_2_17_i686.manylinux2014_i686.whl", hash = "sha256:2560dd27f63cdb395d9d77d6a74d1f0d6b7aa0ea18394f44d650e5abb6e377a3"},
    {file = "yara_python-4.5.1-cp311-cp311-manylinux_2_17_x86_64.manylinux2014_x86_64.whl", hash = "sha256:471e4070bf7e3b9b132f1c0134d1172d9dae353b04f2fce9bc31431ae785595e"},
    {file = "yara_python-4.5.1-cp311-cp311-musllinux_1_1_aarch64.whl", hash = "sha256:f533848781f0e46e44eda77055eae4ec934cf56c1f473e787704f1a348e90094"},
    {file = "yara_python-4.5.1-cp311-cp311-musllinux_1_1_i686.whl", hash = "sha256:3aaf259ed162d2de5db70ae1ba057307efdeb7f4697d74cc5b3313caa7647923"},
    {file = "yara_python-4.5.1-cp311-cp311-musllinux_1_1_x86_64.whl", hash = "sha256:90374acc38086447a668580a9aecceb11964f08deb05bfaced6f43e9e67955a1"},
    {file = "yara_python-4.5.1-cp311-cp311-win32.whl", hash = "sha256:721422a14d18a81d75397df51481f5b5f3ab8d0a5220087e5306570877cab4e4"},
    {file = "yara_python-4.5.1-cp311-cp311-win_amd64.whl", hash = "sha256:dac13dc77a5f21c119104ae4e6ad837589eace0505e9daf38af0bd2d4ccd7cfa"},
    {file = "yara_python-4.5.1-cp312-cp312-macosx_10_9_universal2.whl", hash = "sha256:7eb27c1cd2f6f93f68e23e676ede28357c1fc8b9ec7deefe86f2cfef4abd877c"},
    {file = "yara_python-4.5.1-cp312-cp312-macosx_10_9_x86_64.whl", hash = "sha256:4c7ac7c1ae5e25bd5bf67ce752ac82568c2cdc157c9af50ba28d7cbab4421175"},
    {file = "yara_python-4.5.1-cp312-cp312-manylinux_2_17_aarch64.manylinux2014_aarch64.whl", hash = "sha256:77011bed905f3786755da7de7ba9082790db654a241e13746fa3fc325b9ad966"},
    {file = "yara_python-4.5.1-cp312-cp312-manylinux_2_17_i686.manylinux2014_i686.whl", hash = "sha256:0ddedd9bfcfc37ffddceefd9dbf9bbba137c979b3effc9c1e9aeb08d77c6858c"},
    {file = "yara_python-4.5.1-cp312-cp312-manylinux_2_17_x86_64.manylinux2014_x86_64.whl", hash = "sha256:3431154fac7f41b4657edad91632717b5f1bab5be4ed6ce28d6e17e441d5c947"},
    {file = "yara_python-4.5.1-cp312-cp312-musllinux_1_1_aarch64.whl", hash = "sha256:7d5dc091235ded00b30f04a51d70e08352e44976122f8d45e63d25e96eae27d9"},
    {file = "yara_python-4.5.1-cp312-cp312-musllinux_1_1_i686.whl", hash = "sha256:97d30a483d195e6b695f072086cf1234317a650727844bac7bf85cf98dd960a3"},
    {file = "yara_python-4.5.1-cp312-cp312-musllinux_1_1_x86_64.whl", hash = "sha256:bb65c17657b4cdbe5adee7a6e617ee05e214e8afdbc82b195885354a72a16476"},
    {file = "yara_python-4.5.1-cp312-cp312-win32.whl", hash = "sha256:4f368d057e0865278444c948a65802f7c92008a1b59bf629bdc9efa1b0120a22"},
    {file = "yara_python-4.5.1-cp312-cp312-win_amd64.whl", hash = "sha256:6ccd73466d7ad1a50cd06f38fdb7a023fee87dd185d3fcf67cc5c55d82cc34dd"},
    {file = "yara_python-4.5.1-cp37-cp37m-macosx_10_9_x86_64.whl", hash = "sha256:37ff0e6256d75521e5ac52b45671647bd6f6a7aa49259b13c19db424d9fdb795"},
    {file = "yara_python-4.5.1-cp37-cp37m-manylinux_2_17_aarch64.manylinux2014_aarch64.whl", hash = "sha256:c17d1555dbd99f4872ca289ee92b9630331def0df864f88ced1665efa3cabdac"},
    {file = "yara_python-4.5.1-cp37-cp37m-manylinux_2_17_i686.manylinux2014_i686.whl", hash = "sha256:cfae9eac6a65d25799aecd21cb43f3552a86552c57e90e85e03a1e95e100fb35"},
    {file = "yara_python-4.5.1-cp37-cp37m-manylinux_2_17_x86_64.manylinux2014_x86_64.whl", hash = "sha256:b8c8cfbdc33cbcf78afd6e11149e406dfe558bbd497ff0c9b001753545a326e7"},
    {file = "yara_python-4.5.1-cp37-cp37m-musllinux_1_1_aarch64.whl", hash = "sha256:bb767f5c9c67d0b5de4d916c92130303d02d07d5a96a160aa5d7aa6c45883b1f"},
    {file = "yara_python-4.5.1-cp37-cp37m-musllinux_1_1_i686.whl", hash = "sha256:e14d43aba8a8d66268cd45ce534bb7b608ca08d97d4ffb9f0205ef5554e317fb"},
    {file = "yara_python-4.5.1-cp37-cp37m-musllinux_1_1_x86_64.whl", hash = "sha256:4c2d81727e24c224b0003770f2548f2eb75d9a95d5aa03b65d5ccf8ab3112d8d"},
    {file = "yara_python-4.5.1-cp37-cp37m-win32.whl", hash = "sha256:da5848e64fdde37529e6ebd8e5778e4665a7dee8cdff2f347ec47a39b453f298"},
    {file = "yara_python-4.5.1-cp37-cp37m-win_amd64.whl", hash = "sha256:0fc8a450b662a0235ab7cee59ad2e366207c97bb99a80db9ffb68f865abd4ac9"},
    {file = "yara_python-4.5.1-cp38-cp38-macosx_10_9_universal2.whl", hash = "sha256:0324175b06c440eb754b7ff3845b6eb426b5870bbbebbeae32f2e5281fd35860"},
    {file = "yara_python-4.5.1-cp38-cp38-macosx_10_9_x86_64.whl", hash = "sha256:f408668aab84a0f42b78784d948a69a99bf95300536edd4ab771bb4a06d92f50"},
    {file = "yara_python-4.5.1-cp38-cp38-manylinux_2_17_aarch64.manylinux2014_aarch64.whl", hash = "sha256:a885ec2800b3ee8c4ba9e6634005e041afad33998d59fa6c76bea60c1bd9c73b"},
    {file = "yara_python-4.5.1-cp38-cp38-manylinux_2_17_i686.manylinux2014_i686.whl", hash = "sha256:153d459a2382a28d08edb84a74f27d8ef2cc8154f7822dadf744c5797e8e6f25"},
    {file = "yara_python-4.5.1-cp38-cp38-manylinux_2_17_x86_64.manylinux2014_x86_64.whl", hash = "sha256:509ca2000c9f76c3304f9fdbb886b1d403231a6a76ec9b4aeb18c67ee8279917"},
    {file = "yara_python-4.5.1-cp38-cp38-musllinux_1_1_aarch64.whl", hash = "sha256:b03d2ffe24a13d69d14b12517aac7a4ea5f0df41ac725f282ebdc729f4365a3d"},
    {file = "yara_python-4.5.1-cp38-cp38-musllinux_1_1_i686.whl", hash = "sha256:8e90cc9bee1340dec0e9dab95e056dec08e6ac67945ad20f537d65457845f2f1"},
    {file = "yara_python-4.5.1-cp38-cp38-musllinux_1_1_x86_64.whl", hash = "sha256:37f6e85ee2fe458b52d4984bc2327cd33d69a10579dd708e29d6fbd371aceafe"},
    {file = "yara_python-4.5.1-cp38-cp38-win32.whl", hash = "sha256:90aa56a3e27fdc5751550fe136a8d815c55a1a1db025b28d1f7d146493751310"},
    {file = "yara_python-4.5.1-cp38-cp38-win_amd64.whl", hash = "sha256:4cc7d5220a488fa0470f7c7ea303d1174e3b7e88dc6eef539ab048c8590257a8"},
    {file = "yara_python-4.5.1-cp39-cp39-macosx_10_9_universal2.whl", hash = "sha256:6e8566034b9c24a12a8fd8b0ff580b078add7f9e9719e633ad1adcbb33be534a"},
    {file = "yara_python-4.5.1-cp39-cp39-macosx_10_9_x86_64.whl", hash = "sha256:934f08ca197a645977749ca1163262abcec9bdbcb54cd47ffb2452c3edc4c5e4"},
    {file = "yara_python-4.5.1-cp39-cp39-manylinux_2_17_aarch64.manylinux2014_aarch64.whl", hash = "sha256:a41992c45fcad39ad05016eafc3c3632b3a11ede2440ba9c1250c5e5d484687a"},
    {file = "yara_python-4.5.1-cp39-cp39-manylinux_2_17_i686.manylinux2014_i686.whl", hash = "sha256:70eb3f84b6e57f7f52676ae9c11dccde2867f49bac6e9a042ef2d027a8afb9f1"},
    {file = "yara_python-4.5.1-cp39-cp39-manylinux_2_17_x86_64.manylinux2014_x86_64.whl", hash = "sha256:9d21efeb69d83c48419beccda4aeb415c4c993387e6dee64d8eac4b33af8ac58"},
    {file = "yara_python-4.5.1-cp39-cp39-musllinux_1_1_aarch64.whl", hash = "sha256:98b780fe880cb219b9a92957a1f9863e53908a2dd75483976265d256b3b69b84"},
    {file = "yara_python-4.5.1-cp39-cp39-musllinux_1_1_i686.whl", hash = "sha256:04c414472b0e3c4a2998ae247c0215bbb52c7808d09a7ca3899ef86ad1df7a7b"},
    {file = "yara_python-4.5.1-cp39-cp39-musllinux_1_1_x86_64.whl", hash = "sha256:0502328eeb18aa6e50af7e31df91b1dd23db0d47a0744383d90ff5cb38ff8d30"},
    {file = "yara_python-4.5.1-cp39-cp39-win32.whl", hash = "sha256:5c266ce1a9f6f783f565d0687a052e0a76c287495452a92d495809f8f6c32a44"},
    {file = "yara_python-4.5.1-cp39-cp39-win_amd64.whl", hash = "sha256:cc08a46630373bf194dc560e422622d45a3cbefec334650a96777f4c5f31f637"},
    {file = "yara_python-4.5.1-pp310-pypy310_pp73-macosx_10_9_x86_64.whl", hash = "sha256:f23ea9893efd676eb2727e869b486d71e7cb7839789a36c80b726258365b39b6"},
    {file = "yara_python-4.5.1-pp310-pypy310_pp73-manylinux_2_17_aarch64.manylinux2014_aarch64.whl", hash = "sha256:edf490994334b00933f7bc37fdd255451f12db741b15c2917fceb31e11bb698d"},
    {file = "yara_python-4.5.1-pp310-pypy310_pp73-manylinux_2_17_i686.manylinux2014_i686.whl", hash = "sha256:038dcec1728233144ab0ab7ea4ed060f642c5f3152742c9ee71b493f571d6fd5"},
    {file = "yara_python-4.5.1-pp310-pypy310_pp73-manylinux_2_17_x86_64.manylinux2014_x86_64.whl", hash = "sha256:146f2fbdeb043c32a6a7d08a4e37a0bb1c3c0a16d2ad97d957627f6158360569"},
    {file = "yara_python-4.5.1-pp310-pypy310_pp73-win_amd64.whl", hash = "sha256:389aa3a655c94885399e290bd74703273d7a1ecb33593b62801abee91efdfc86"},
    {file = "yara_python-4.5.1-pp37-pypy37_pp73-macosx_10_9_x86_64.whl", hash = "sha256:df67822be9430066f76604421f79b8d1446d749d925376c82c3e7649064899e3"},
    {file = "yara_python-4.5.1-pp37-pypy37_pp73-manylinux_2_17_aarch64.manylinux2014_aarch64.whl", hash = "sha256:ecd0fa98a66e58be6a1d679e8679fc39029a4afa66d5310943d9180b90e57baf"},
    {file = "yara_python-4.5.1-pp37-pypy37_pp73-manylinux_2_17_i686.manylinux2014_i686.whl", hash = "sha256:8a073a26d1b081942fc741da8eeefe59c6fec5bf7f2adb3e80df1d73f57a7ea3"},
    {file = "yara_python-4.5.1-pp37-pypy37_pp73-manylinux_2_17_x86_64.manylinux2014_x86_64.whl", hash = "sha256:92af5596aa4af20d7f81260dc72b989dfd4b7672c5492f13e9b71fe2b24c936f"},
    {file = "yara_python-4.5.1-pp37-pypy37_pp73-win_amd64.whl", hash = "sha256:984f67c08f945acb78d2548aaf5ffa19d27288b48979eb0652dd3a89c7b7747b"},
    {file = "yara_python-4.5.1-pp38-pypy38_pp73-macosx_10_9_x86_64.whl", hash = "sha256:2756fe1121fdd45b29d0d21fea66f762ef50d9e636bae8fd94217f0dc4c32a3a"},
    {file = "yara_python-4.5.1-pp38-pypy38_pp73-manylinux_2_17_aarch64.manylinux2014_aarch64.whl", hash = "sha256:c27dd8bdf1bbd946a82d1717c3dcc2efa449abb04018d186dca6b412ed93eba6"},
    {file = "yara_python-4.5.1-pp38-pypy38_pp73-manylinux_2_17_i686.manylinux2014_i686.whl", hash = "sha256:382fd997999cfd83d7c2087f8b73c55dde8193473ff2a78643b5c69d3a39e084"},
    {file = "yara_python-4.5.1-pp38-pypy38_pp73-manylinux_2_17_x86_64.manylinux2014_x86_64.whl", hash = "sha256:024c477f182c26265fc447051e09099016e3562ac7f2255e05de2a506dd4d6dc"},
    {file = "yara_python-4.5.1-pp38-pypy38_pp73-win_amd64.whl", hash = "sha256:2add91c1f2c7c6bd82affffd864f7e7a96285c80b97906f81584be3b3b448b74"},
    {file = "yara_python-4.5.1-pp39-pypy39_pp73-macosx_10_9_x86_64.whl", hash = "sha256:7ae8411ae68a9f8911781bdc4393fc21ab48372ed3605c64265d08d57394ff5f"},
    {file = "yara_python-4.5.1-pp39-pypy39_pp73-manylinux_2_17_aarch64.manylinux2014_aarch64.whl", hash = "sha256:bc81d88d3fa54f2a019e716f715a18e0c2c7c03816fef926b07b4ab3ba698e69"},
    {file = "yara_python-4.5.1-pp39-pypy39_pp73-manylinux_2_17_i686.manylinux2014_i686.whl", hash = "sha256:8765e387652f9354ca705ea8692e5e24424f7c20aaec857b40c13b18fe7862ad"},
    {file = "yara_python-4.5.1-pp39-pypy39_pp73-manylinux_2_17_x86_64.manylinux2014_x86_64.whl", hash = "sha256:4c1acc3fd1b4634a4b438b6129f3b52a306d40e44c7fd950e7154f147a12e4de"},
    {file = "yara_python-4.5.1-pp39-pypy39_pp73-win_amd64.whl", hash = "sha256:d64e300925d56b3cf7f430b3bf86e133b14aaf578cfe827c08aec8869b8375e9"},
    {file = "yara_python-4.5.1.tar.gz", hash = "sha256:52ab24422b021ae648be3de25090cbf9e6c6caa20488f498860d07f7be397930"},
]

[metadata]
lock-version = "2.1"
python-versions = "*"
content-hash = "ecd61a84632b36084f562a0e7604deb7e59cfd9c74553c5785b7ea56808a4055"
